
Microsoft Visual Studio Solution File, Format Version 12.00
# Visual Studio Version 16
VisualStudioVersion = 16.0.29306.81
MinimumVisualStudioVersion = 10.0.40219.1
Project("{FAE04EC0-301F-11D3-BF4B-00C04F79EFBC}") = "PatronStrategy", "PatronStrategy\PatronStrategy.csproj", "{88998B63-A96E-45A8-8369-FDEE6107FB65}"
EndProject
Global
	GlobalSection(SolutionConfigurationPlatforms) = preSolution
		Debug|Any CPU = Debug|Any CPU
		Release|Any CPU = Release|Any CPU
	EndGlobalSection
	GlobalSection(ProjectConfigurationPlatforms) = postSolution
		{88998B63-A96E-45A8-8369-FDEE6107FB65}.Debug|Any CPU.ActiveCfg = Debug|Any CPU
		{88998B63-A96E-45A8-8369-FDEE6107FB65}.Debug|Any CPU.Build.0 = Debug|Any CPU
		{88998B63-A96E-45A8-8369-FDEE6107FB65}.Release|Any CPU.ActiveCfg = Release|Any CPU
		{88998B63-A96E-45A8-8369-FDEE6107FB65}.Release|Any CPU.Build.0 = Release|Any CPU
	EndGlobalSection
	GlobalSection(SolutionProperties) = preSolution
		HideSolutionNode = FALSE
	EndGlobalSection
	GlobalSection(ExtensibilityGlobals) = postSolution
		SolutionGuid = {794145BF-3F8C-46CE-B22C-4BF486475B11}
	EndGlobalSection
EndGlobal
